
Microsoft Visual Studio Solution File, Format Version 12.00
# Visual Studio Version 16
VisualStudioVersion = 16.0.30330.147
MinimumVisualStudioVersion = 10.0.40219.1
Project("{FAE04EC0-301F-11D3-BF4B-00C04F79EFBC}") = "jogos.Ecommerce.Web", "jogos.Ecommerce.Web\jogos.Ecommerce.Web.csproj", "{09700FC2-DC8C-4DC9-95F3-B17E691854F5}"
EndProject
Project("{2150E333-8FDC-42A3-9474-1A3956D46DE8}") = "Dominio", "Dominio", "{8A0D472C-7337-4B14-BEA5-59AA4B0561D5}"
EndProject
Project("{FAE04EC0-301F-11D3-BF4B-00C04F79EFBC}") = "jogos.Ecommerce.Dominio", "jogos.Ecommerce.Dominio\jogos.Ecommerce.Dominio.csproj", "{8A74DA72-9691-4810-9985-66BCA3DCF7AF}"
EndProject
Project("{2150E333-8FDC-42A3-9474-1A3956D46DE8}") = "Dados", "Dados", "{5929E658-CD47-4949-9EE9-37163F3055FF}"
EndProject
Project("{FAE04EC0-301F-11D3-BF4B-00C04F79EFBC}") = "jogos.Ecommerce.Dados.Entity", "jogos.Filmes.Dados.Entity\jogos.Ecommerce.Dados.Entity.csproj", "{FA1F5888-EEA2-41D4-B479-44E2302D23D5}"
EndProject
Project("{FAE04EC0-301F-11D3-BF4B-00C04F79EFBC}") = "jogos.Ecommerce.Generica.Entity", "jogos.Ecommerce.Generica.Entity\jogos.Ecommerce.Generica.Entity.csproj", "{C4A8924B-0152-41A8-808F-EC87659E8889}"
EndProject
Project("{2150E333-8FDC-42A3-9474-1A3956D46DE8}") = "Repositorios", "Repositorios", "{68BCD43B-2B25-4EAF-A773-D802506F124C}"
EndProject
Project("{FAE04EC0-301F-11D3-BF4B-00C04F79EFBC}") = "jogos.Ecommerce.Repositorios.Comum", "jogos.Ecommerce.Repositorios.Comum\jogos.Ecommerce.Repositorios.Comum.csproj", "{87E7653B-5010-4D8C-8E82-EFCD4EF370D4}"
EndProject
Project("{FAE04EC0-301F-11D3-BF4B-00C04F79EFBC}") = "jogos.Repositorios.Comum.Entity", "jogos.Repositorios.Comum.Entity\jogos.Repositorios.Comum.Entity.csproj", "{11E22FF9-28F9-4E79-B06E-0F02D3F6C7E7}"
EndProject
Project("{FAE04EC0-301F-11D3-BF4B-00C04F79EFBC}") = "jogos.Ecommerce.Repositorios.Entity", "jogos.Ecommerce.Repositorios.Entity\jogos.Ecommerce.Repositorios.Entity.csproj", "{79B12B64-34CA-4C17-9904-77C43F884DD1}"
EndProject
Global
	GlobalSection(SolutionConfigurationPlatforms) = preSolution
		Debug|Any CPU = Debug|Any CPU
		Release|Any CPU = Release|Any CPU
	EndGlobalSection
	GlobalSection(ProjectConfigurationPlatforms) = postSolution
		{09700FC2-DC8C-4DC9-95F3-B17E691854F5}.Debug|Any CPU.ActiveCfg = Debug|Any CPU
		{09700FC2-DC8C-4DC9-95F3-B17E691854F5}.Debug|Any CPU.Build.0 = Debug|Any CPU
		{09700FC2-DC8C-4DC9-95F3-B17E691854F5}.Release|Any CPU.ActiveCfg = Release|Any CPU
		{09700FC2-DC8C-4DC9-95F3-B17E691854F5}.Release|Any CPU.Build.0 = Release|Any CPU
		{8A74DA72-9691-4810-9985-66BCA3DCF7AF}.Debug|Any CPU.ActiveCfg = Debug|Any CPU
		{8A74DA72-9691-4810-9985-66BCA3DCF7AF}.Debug|Any CPU.Build.0 = Debug|Any CPU
		{8A74DA72-9691-4810-9985-66BCA3DCF7AF}.Release|Any CPU.ActiveCfg = Release|Any CPU
		{8A74DA72-9691-4810-9985-66BCA3DCF7AF}.Release|Any CPU.Build.0 = Release|Any CPU
		{FA1F5888-EEA2-41D4-B479-44E2302D23D5}.Debug|Any CPU.ActiveCfg = Debug|Any CPU
		{FA1F5888-EEA2-41D4-B479-44E2302D23D5}.Debug|Any CPU.Build.0 = Debug|Any CPU
		{FA1F5888-EEA2-41D4-B479-44E2302D23D5}.Release|Any CPU.ActiveCfg = Release|Any CPU
		{FA1F5888-EEA2-41D4-B479-44E2302D23D5}.Release|Any CPU.Build.0 = Release|Any CPU
		{C4A8924B-0152-41A8-808F-EC87659E8889}.Debug|Any CPU.ActiveCfg = Debug|Any CPU
		{C4A8924B-0152-41A8-808F-EC87659E8889}.Debug|Any CPU.Build.0 = Debug|Any CPU
		{C4A8924B-0152-41A8-808F-EC87659E8889}.Release|Any CPU.ActiveCfg = Release|Any CPU
		{C4A8924B-0152-41A8-808F-EC87659E8889}.Release|Any CPU.Build.0 = Release|Any CPU
		{87E7653B-5010-4D8C-8E82-EFCD4EF370D4}.Debug|Any CPU.ActiveCfg = Debug|Any CPU
		{87E7653B-5010-4D8C-8E82-EFCD4EF370D4}.Debug|Any CPU.Build.0 = Debug|Any CPU
		{87E7653B-5010-4D8C-8E82-EFCD4EF370D4}.Release|Any CPU.ActiveCfg = Release|Any CPU
		{87E7653B-5010-4D8C-8E82-EFCD4EF370D4}.Release|Any CPU.Build.0 = Release|Any CPU
		{11E22FF9-28F9-4E79-B06E-0F02D3F6C7E7}.Debug|Any CPU.ActiveCfg = Debug|Any CPU
		{11E22FF9-28F9-4E79-B06E-0F02D3F6C7E7}.Debug|Any CPU.Build.0 = Debug|Any CPU
		{11E22FF9-28F9-4E79-B06E-0F02D3F6C7E7}.Release|Any CPU.ActiveCfg = Release|Any CPU
		{11E22FF9-28F9-4E79-B06E-0F02D3F6C7E7}.Release|Any CPU.Build.0 = Release|Any CPU
		{79B12B64-34CA-4C17-9904-77C43F884DD1}.Debug|Any CPU.ActiveCfg = Debug|Any CPU
		{79B12B64-34CA-4C17-9904-77C43F884DD1}.Debug|Any CPU.Build.0 = Debug|Any CPU
		{79B12B64-34CA-4C17-9904-77C43F884DD1}.Release|Any CPU.ActiveCfg = Release|Any CPU
		{79B12B64-34CA-4C17-9904-77C43F884DD1}.Release|Any CPU.Build.0 = Release|Any CPU
	EndGlobalSection
	GlobalSection(SolutionProperties) = preSolution
		HideSolutionNode = FALSE
	EndGlobalSection
	GlobalSection(NestedProjects) = preSolution
		{8A74DA72-9691-4810-9985-66BCA3DCF7AF} = {8A0D472C-7337-4B14-BEA5-59AA4B0561D5}
		{FA1F5888-EEA2-41D4-B479-44E2302D23D5} = {5929E658-CD47-4949-9EE9-37163F3055FF}
		{C4A8924B-0152-41A8-808F-EC87659E8889} = {5929E658-CD47-4949-9EE9-37163F3055FF}
		{87E7653B-5010-4D8C-8E82-EFCD4EF370D4} = {68BCD43B-2B25-4EAF-A773-D802506F124C}
		{11E22FF9-28F9-4E79-B06E-0F02D3F6C7E7} = {68BCD43B-2B25-4EAF-A773-D802506F124C}
		{79B12B64-34CA-4C17-9904-77C43F884DD1} = {68BCD43B-2B25-4EAF-A773-D802506F124C}
	EndGlobalSection
	GlobalSection(ExtensibilityGlobals) = postSolution
		SolutionGuid = {7D91DB18-CFAF-4CE6-9061-9A4842388BBF}
	EndGlobalSection
EndGlobal
